lockfileVersion: '9.0'

settings:
  autoInstallPeers: true
  excludeLinksFromLockfile: false

importers:

  .:
    dependencies:
      '@paperclipai/adapter-utils':
        specifier: 0.3.1
        version: 0.3.1
    devDependencies:
      '@types/node':
        specifier: ^24.6.0
        version: 24.12.2
      typescript:
        specifier: ^5.7.3
        version: 5.9.3

packages:

  '@paperclipai/adapter-utils@0.3.1':
    resolution: {integrity: sha512-W66k+hJkQE8ma0asM/Sd90AC8HHy/BLG/sd0aOC+rDWw+gOasQyUkTnDoPv1zhQuTyKEEvLFV6ByOOKqEiAz/A==}

  '@types/node@24.12.2':
    resolution: {integrity: sha512-A1sre26ke7HDIuY/M23nd9gfB+nrmhtYyMINbjI1zHJxYteKR6qSMX56FsmjMcDb3SMcjJg5BiRRgOCC/yBD0g==}

  typescript@5.9.3:
    resolution: {integrity: sha512-jl1vZzPDinLr9eUt3J/t7V6FgNEw9QjvBPdysz9KfQDD41fQrC2Y4vKQdiaUpFT4bXlb1RHhLpp8wtm6M5TgSw==}
    engines: {node: '>=14.17'}
    hasBin: true

  undici-types@7.16.0:
    resolution: {integrity: sha512-Zz+aZWSj8LE6zoxD+xrjh4VfkIG8Ya6LvYkZqtUQGJPZjYl53ypCaUwWqo7eI0x66KBGeRo+mlBEkMSeSZ38Nw==}

snapshots:

  '@paperclipai/adapter-utils@0.3.1': {}

  '@types/node@24.12.2':
    dependencies:
      undici-types: 7.16.0

  typescript@5.9.3: {}

  undici-types@7.16.0: {}
